{
  "name": "myapp",
  "version": "1.0.0",
  "lockfileVersion": 2,
  "requires": true,
  "packages": {
    "": {
      "version": "1.0.0",
      "license": "ISC",
      "dependencies": {
        "@anonimy/fluentsql": "^2.0.0"
      }
    },
    "node_modules/@anonimy/fluentsql": {
      "version": "2.0.0",
      "resolved": "https://registry.npmjs.org/@anonimy/fluentsql/-/fluentsql-2.0.0.tgz",
      "integrity": "sha512-IGxadZPO4w1HYiNR21Q+VTqyBELFJlgPRRz6zklYDbd5MXRm8gx40dzGTbSqHBFXihUOr0t1F71u44lX0y6FGQ==",
      "license": "ISC"
    }
  },
  "dependencies": {
    "@anonimy/fluentsql": {
      "version": "2.0.0",
      "resolved": "https://registry.npmjs.org/@anonimy/fluentsql/-/fluentsql-2.0.0.tgz",
      "integrity": "sha512-IGxadZPO4w1HYiNR21Q+VTqyBELFJlgPRRz6zklYDbd5MXRm8gx40dzGTbSqHBFXihUOr0t1F71u44lX0y6FGQ=="
    }
  }
}
